
Microsoft Visual Studio Solution File, Format Version 12.00
# Visual Studio Version 17
VisualStudioVersion = 17.9.34902.65
MinimumVisualStudioVersion = 10.0.40219.1
Project("{9A19103F-16F7-4668-BE54-9A1E7A4F7556}") = "Systemeter", "UI.CPUMeter\Systemeter.csproj", "{5C73B397-0637-4174-B744-2859ADAEF4F1}"
EndProject
Project("{9A19103F-16F7-4668-BE54-9A1E7A4F7556}") = "LibreHardwareMonitorLib", "LibreHardwareMonitorLib\LibreHardwareMonitorLib.csproj", "{73558F25-7CF6-44A9-9764-068752F04DD8}"
EndProject
Global
	GlobalSection(SolutionConfigurationPlatforms) = preSolution
		Debug|Any CPU = Debug|Any CPU
		Debug|ARM = Debug|ARM
		Debug|ARM64 = Debug|ARM64
		Debug|x64 = Debug|x64
		Debug|x86 = Debug|x86
		Release|Any CPU = Release|Any CPU
		Release|ARM = Release|ARM
		Release|ARM64 = Release|ARM64
		Release|x64 = Release|x64
		Release|x86 = Release|x86
	EndGlobalSection
	GlobalSection(ProjectConfigurationPlatforms) = postSolution
		{5C73B397-0637-4174-B744-2859ADAEF4F1}.Debug|Any CPU.ActiveCfg = Debug|Any CPU
		{5C73B397-0637-4174-B744-2859ADAEF4F1}.Debug|Any CPU.Build.0 = Debug|Any CPU
		{5C73B397-0637-4174-B744-2859ADAEF4F1}.Debug|ARM.ActiveCfg = Debug|Any CPU
		{5C73B397-0637-4174-B744-2859ADAEF4F1}.Debug|ARM.Build.0 = Debug|Any CPU
		{5C73B397-0637-4174-B744-2859ADAEF4F1}.Debug|ARM64.ActiveCfg = Debug|Any CPU
		{5C73B397-0637-4174-B744-2859ADAEF4F1}.Debug|ARM64.Build.0 = Debug|Any CPU
		{5C73B397-0637-4174-B744-2859ADAEF4F1}.Debug|x64.ActiveCfg = Debug|x64
		{5C73B397-0637-4174-B744-2859ADAEF4F1}.Debug|x64.Build.0 = Debug|x64
		{5C73B397-0637-4174-B744-2859ADAEF4F1}.Debug|x86.ActiveCfg = Debug|x86
		{5C73B397-0637-4174-B744-2859ADAEF4F1}.Debug|x86.Build.0 = Debug|x86
		{5C73B397-0637-4174-B744-2859ADAEF4F1}.Release|Any CPU.ActiveCfg = Release|Any CPU
		{5C73B397-0637-4174-B744-2859ADAEF4F1}.Release|Any CPU.Build.0 = Release|Any CPU
		{5C73B397-0637-4174-B744-2859ADAEF4F1}.Release|ARM.ActiveCfg = Release|Any CPU
		{5C73B397-0637-4174-B744-2859ADAEF4F1}.Release|ARM.Build.0 = Release|Any CPU
		{5C73B397-0637-4174-B744-2859ADAEF4F1}.Release|ARM64.ActiveCfg = Release|Any CPU
		{5C73B397-0637-4174-B744-2859ADAEF4F1}.Release|ARM64.Build.0 = Release|Any CPU
		{5C73B397-0637-4174-B744-2859ADAEF4F1}.Release|x64.ActiveCfg = Release|x64
		{5C73B397-0637-4174-B744-2859ADAEF4F1}.Release|x64.Build.0 = Release|x64
		{5C73B397-0637-4174-B744-2859ADAEF4F1}.Release|x86.ActiveCfg = Release|x86
		{5C73B397-0637-4174-B744-2859ADAEF4F1}.Release|x86.Build.0 = Release|x86
		{73558F25-7CF6-44A9-9764-068752F04DD8}.Debug|Any CPU.ActiveCfg = Debug|Any CPU
		{73558F25-7CF6-44A9-9764-068752F04DD8}.Debug|Any CPU.Build.0 = Debug|Any CPU
		{73558F25-7CF6-44A9-9764-068752F04DD8}.Debug|ARM.ActiveCfg = Debug|Any CPU
		{73558F25-7CF6-44A9-9764-068752F04DD8}.Debug|ARM.Build.0 = Debug|Any CPU
		{73558F25-7CF6-44A9-9764-068752F04DD8}.Debug|ARM64.ActiveCfg = Debug|Any CPU
		{73558F25-7CF6-44A9-9764-068752F04DD8}.Debug|ARM64.Build.0 = Debug|Any CPU
		{73558F25-7CF6-44A9-9764-068752F04DD8}.Debug|x64.ActiveCfg = Debug|x64
		{73558F25-7CF6-44A9-9764-068752F04DD8}.Debug|x64.Build.0 = Debug|x64
		{73558F25-7CF6-44A9-9764-068752F04DD8}.Debug|x86.ActiveCfg = Debug|x86
		{73558F25-7CF6-44A9-9764-068752F04DD8}.Debug|x86.Build.0 = Debug|x86
		{73558F25-7CF6-44A9-9764-068752F04DD8}.Release|Any CPU.ActiveCfg = Release|Any CPU
		{73558F25-7CF6-44A9-9764-068752F04DD8}.Release|Any CPU.Build.0 = Release|Any CPU
		{73558F25-7CF6-44A9-9764-068752F04DD8}.Release|ARM.ActiveCfg = Release|Any CPU
		{73558F25-7CF6-44A9-9764-068752F04DD8}.Release|ARM.Build.0 = Release|Any CPU
		{73558F25-7CF6-44A9-9764-068752F04DD8}.Release|ARM64.ActiveCfg = Release|Any CPU
		{73558F25-7CF6-44A9-9764-068752F04DD8}.Release|ARM64.Build.0 = Release|Any CPU
		{73558F25-7CF6-44A9-9764-068752F04DD8}.Release|x64.ActiveCfg = Release|x64
		{73558F25-7CF6-44A9-9764-068752F04DD8}.Release|x64.Build.0 = Release|x64
		{73558F25-7CF6-44A9-9764-068752F04DD8}.Release|x86.ActiveCfg = Release|x86
		{73558F25-7CF6-44A9-9764-068752F04DD8}.Release|x86.Build.0 = Release|x86
	EndGlobalSection
	GlobalSection(SolutionProperties) = preSolution
		HideSolutionNode = FALSE
	EndGlobalSection
	GlobalSection(ExtensibilityGlobals) = postSolution
		SolutionGuid = {55328E61-8B37-4BD5-82FC-DED5946DE1A1}
	EndGlobalSection
EndGlobal
